// !$*UTF8*$!
{
	archiveVersion = 1;
	classes = {
	};
	objectVersion = 50;
	objects = {

/* Begin PBXBuildFile section */
		D9206850233D2A2900537CDF /* SubjectViewCell.swift in Sources */ = {isa = PBXBuildFile; fileRef = D920684F233D2A2900537CDF /* SubjectViewCell.swift */; };
		D9206852233D2A4600537CDF /* SubjectsViewController.swift in Sources */ = {isa = PBXBuildFile; fileRef = D9206851233D2A4600537CDF /* SubjectsViewController.swift */; };
		D94126722333FFA2003CC2DC /* AppDelegate.swift in Sources */ = {isa = PBXBuildFile; fileRef = D94126712333FFA2003CC2DC /* AppDelegate.swift */; };
		D94126742333FFA2003CC2DC /* ViewController.swift in Sources */ = {isa = PBXBuildFile; fileRef = D94126732333FFA2003CC2DC /* ViewController.swift */; };
		D94126772333FFA2003CC2DC /* Main.storyboard in Resources */ = {isa = PBXBuildFile; fileRef = D94126752333FFA2003CC2DC /* Main.storyboard */; };
		D94126792333FFA3003CC2DC /* Assets.xcassets in Resources */ = {isa = PBXBuildFile; fileRef = D94126782333FFA3003CC2DC /* Assets.xcassets */; };
		D941267C2333FFA3003CC2DC /* LaunchScreen.storyboard in Resources */ = {isa = PBXBuildFile; fileRef = D941267A2333FFA3003CC2DC /* LaunchScreen.storyboard */; };
		D95245C4233D068C00714AAD /* TeachersViewController.swift in Sources */ = {isa = PBXBuildFile; fileRef = D95245C3233D068C00714AAD /* TeachersViewController.swift */; };
		D95245C6233D07AE00714AAD /* TeacherViewCell.swift in Sources */ = {isa = PBXBuildFile; fileRef = D95245C5233D07AE00714AAD /* TeacherViewCell.swift */; };
		D97092F3233BB122009D865A /* StudentsViewController.swift in Sources */ = {isa = PBXBuildFile; fileRef = D97092F2233BB122009D865A /* StudentsViewController.swift */; };
		D9783675233E5D530012CAA9 /* UIView+Utils.swift in Sources */ = {isa = PBXBuildFile; fileRef = D9783674233E5D530012CAA9 /* UIView+Utils.swift */; };
		D980B4792339153700D1B722 /* DefaultData.swift in Sources */ = {isa = PBXBuildFile; fileRef = D980B4782339153700D1B722 /* DefaultData.swift */; };
		D9B4C8BF23353537002E54B2 /* Student.swift in Sources */ = {isa = PBXBuildFile; fileRef = D9B4C8BE23353537002E54B2 /* Student.swift */; };
		D9B4C8C12335470E002E54B2 /* Teacher.swift in Sources */ = {isa = PBXBuildFile; fileRef = D9B4C8C02335470E002E54B2 /* Teacher.swift */; };
		D9B4C8C32335473D002E54B2 /* Subject.swift in Sources */ = {isa = PBXBuildFile; fileRef = D9B4C8C22335473D002E54B2 /* Subject.swift */; };
		D9B59C98233BD6470025855A /* StudentViewCell.swift in Sources */ = {isa = PBXBuildFile; fileRef = D9B59C97233BD6470025855A /* StudentViewCell.swift */; };
/* End PBXBuildFile section */

/* Begin PBXFileReference section */
		D920684F233D2A2900537CDF /* SubjectViewCell.swift */ = {isa = PBXFileReference; lastKnownFileType = sourcecode.swift; path = SubjectViewCell.swift; sourceTree = "<group>"; };
		D9206851233D2A4600537CDF /* SubjectsViewController.swift */ = {isa = PBXFileReference; lastKnownFileType = sourcecode.swift; path = SubjectsViewController.swift; sourceTree = "<group>"; };
		D941266E2333FFA2003CC2DC /* My_application.app */ = {isa = PBXFileReference; explicitFileType = wrapper.application; includeInIndex = 0; path = My_application.app; sourceTree = BUILT_PRODUCTS_DIR; };
		D94126712333FFA2003CC2DC /* AppDelegate.swift */ = {isa = PBXFileReference; lastKnownFileType = sourcecode.swift; path = AppDelegate.swift; sourceTree = "<group>"; };
		D94126732333FFA2003CC2DC /* ViewController.swift */ = {isa = PBXFileReference; lastKnownFileType = sourcecode.swift; path = ViewController.swift; sourceTree = "<group>"; };
		D94126762333FFA2003CC2DC /* Base */ = {isa = PBXFileReference; lastKnownFileType = file.storyboard; name = Base; path = Base.lproj/Main.storyboard; sourceTree = "<group>"; };
		D94126782333FFA3003CC2DC /* Assets.xcassets */ = {isa = PBXFileReference; lastKnownFileType = folder.assetcatalog; path = Assets.xcassets; sourceTree = "<group>"; };
		D941267B2333FFA3003CC2DC /* Base */ = {isa = PBXFileReference; lastKnownFileType = file.storyboard; name = Base; path = Base.lproj/LaunchScreen.storyboard; sourceTree = "<group>"; };
		D941267D2333FFA3003CC2DC /* Info.plist */ = {isa = PBXFileReference; lastKnownFileType = text.plist.xml; path = Info.plist; sourceTree = "<group>"; };
		D95245C3233D068C00714AAD /* TeachersViewController.swift */ = {isa = PBXFileReference; lastKnownFileType = sourcecode.swift; path = TeachersViewController.swift; sourceTree = "<group>"; };
		D95245C5233D07AE00714AAD /* TeacherViewCell.swift */ = {isa = PBXFileReference; lastKnownFileType = sourcecode.swift; path = TeacherViewCell.swift; sourceTree = "<group>"; };
		D97092F2233BB122009D865A /* StudentsViewController.swift */ = {isa = PBXFileReference; lastKnownFileType = sourcecode.swift; path = StudentsViewController.swift; sourceTree = "<group>"; };
		D9783674233E5D530012CAA9 /* UIView+Utils.swift */ = {isa = PBXFileReference; lastKnownFileType = sourcecode.swift; path = "UIView+Utils.swift"; sourceTree = "<group>"; };
		D980B4782339153700D1B722 /* DefaultData.swift */ = {isa = PBXFileReference; lastKnownFileType = sourcecode.swift; path = DefaultData.swift; sourceTree = "<group>"; };
		D9B4C8BE23353537002E54B2 /* Student.swift */ = {isa = PBXFileReference; lastKnownFileType = sourcecode.swift; path = Student.swift; sourceTree = "<group>"; };
		D9B4C8C02335470E002E54B2 /* Teacher.swift */ = {isa = PBXFileReference; lastKnownFileType = sourcecode.swift; path = Teacher.swift; sourceTree = "<group>"; };
		D9B4C8C22335473D002E54B2 /* Subject.swift */ = {isa = PBXFileReference; lastKnownFileType = sourcecode.swift; path = Subject.swift; sourceTree = "<group>"; };
		D9B59C97233BD6470025855A /* StudentViewCell.swift */ = {isa = PBXFileReference; lastKnownFileType = sourcecode.swift; path = StudentViewCell.swift; sourceTree = "<group>"; };
/* End PBXFileReference section */

/* Begin PBXFrameworksBuildPhase section */
		D941266B2333FFA2003CC2DC /* Frameworks */ = {
			isa = PBXFrameworksBuildPhase;
			buildActionMask = 2147483647;
			files = (
			);
			runOnlyForDeploymentPostprocessing = 0;
		};
/* End PBXFrameworksBuildPhase section */

/* Begin PBXGroup section */
		D94126652333FFA2003CC2DC = {
			isa = PBXGroup;
			children = (
				D94126702333FFA2003CC2DC /* My_application */,
				D941266F2333FFA2003CC2DC /* Products */,
				D9B4C8B22335168E002E54B2 /* Frameworks */,
			);
			sourceTree = "<group>";
		};
		D941266F2333FFA2003CC2DC /* Products */ = {
			isa = PBXGroup;
			children = (
				D941266E2333FFA2003CC2DC /* My_application.app */,
			);
			name = Products;
			sourceTree = "<group>";
		};
		D94126702333FFA2003CC2DC /* My_application */ = {
			isa = PBXGroup;
			children = (
				D9B4C8B523352B1C002E54B2 /* App */,
				D9B4C8B723352B90002E54B2 /* Resources */,
				D9B4C8B823352BDA002E54B2 /* UI */,
				D9B4C8B623352B7C002E54B2 /* Data */,
			);
			path = My_application;
			sourceTree = "<group>";
		};
		D9783673233E5D300012CAA9 /* Extension */ = {
			isa = PBXGroup;
			children = (
				D9783674233E5D530012CAA9 /* UIView+Utils.swift */,
			);
			path = Extension;
			sourceTree = "<group>";
		};
		D9B4C8B22335168E002E54B2 /* Frameworks */ = {
			isa = PBXGroup;
			children = (
			);
			name = Frameworks;
			sourceTree = "<group>";
		};
		D9B4C8B523352B1C002E54B2 /* App */ = {
			isa = PBXGroup;
			children = (
				D9783673233E5D300012CAA9 /* Extension */,
				D94126712333FFA2003CC2DC /* AppDelegate.swift */,
				D941267D2333FFA3003CC2DC /* Info.plist */,
			);
			path = App;
			sourceTree = "<group>";
		};
		D9B4C8B623352B7C002E54B2 /* Data */ = {
			isa = PBXGroup;
			children = (
				D9B4C8BC233532AD002E54B2 /* Local */,
			);
			path = Data;
			sourceTree = "<group>";
		};
		D9B4C8B723352B90002E54B2 /* Resources */ = {
			isa = PBXGroup;
			children = (
				D94126782333FFA3003CC2DC /* Assets.xcassets */,
			);
			path = Resources;
			sourceTree = "<group>";
		};
		D9B4C8B823352BDA002E54B2 /* UI */ = {
			isa = PBXGroup;
			children = (
				D9B4C8B923352C0B002E54B2 /* Views */,
				D9B4C8BA23352C14002E54B2 /* Controllers */,
			);
			path = UI;
			sourceTree = "<group>";
		};
		D9B4C8B923352C0B002E54B2 /* Views */ = {
			isa = PBXGroup;
			children = (
				D9B4C8BB23352C60002E54B2 /* StoryBoard */,
			);
			path = Views;
			sourceTree = "<group>";
		};
		D9B4C8BA23352C14002E54B2 /* Controllers */ = {
			isa = PBXGroup;
			children = (
				D94126732333FFA2003CC2DC /* ViewController.swift */,
				D97092F2233BB122009D865A /* StudentsViewController.swift */,
				D9B59C97233BD6470025855A /* StudentViewCell.swift */,
				D95245C3233D068C00714AAD /* TeachersViewController.swift */,
				D95245C5233D07AE00714AAD /* TeacherViewCell.swift */,
				D920684F233D2A2900537CDF /* SubjectViewCell.swift */,
				D9206851233D2A4600537CDF /* SubjectsViewController.swift */,
			);
			path = Controllers;
			sourceTree = "<group>";
		};
		D9B4C8BB23352C60002E54B2 /* StoryBoard */ = {
			isa = PBXGroup;
			children = (
				D94126752333FFA2003CC2DC /* Main.storyboard */,
				D941267A2333FFA3003CC2DC /* LaunchScreen.storyboard */,
			);
			path = StoryBoard;
			sourceTree = "<group>";
		};
		D9B4C8BC233532AD002E54B2 /* Local */ = {
			isa = PBXGroup;
			children = (
				D980B4782339153700D1B722 /* DefaultData.swift */,
				D9B4C8BD233532B8002E54B2 /* Models */,
			);
			path = Local;
			sourceTree = "<group>";
		};
		D9B4C8BD233532B8002E54B2 /* Models */ = {
			isa = PBXGroup;
			children = (
				D9B4C8BE23353537002E54B2 /* Student.swift */,
				D9B4C8C02335470E002E54B2 /* Teacher.swift */,
				D9B4C8C22335473D002E54B2 /* Subject.swift */,
			);
			path = Models;
			sourceTree = "<group>";
		};
/* End PBXGroup section */

/* Begin PBXNativeTarget section */
		D941266D2333FFA2003CC2DC /* My_application */ = {
			isa = PBXNativeTarget;
			buildConfigurationList = D94126802333FFA3003CC2DC /* Build configuration list for PBXNativeTarget "My_application" */;
			buildPhases = (
				D941266A2333FFA2003CC2DC /* Sources */,
				D941266B2333FFA2003CC2DC /* Frameworks */,
				D941266C2333FFA2003CC2DC /* Resources */,
			);
			buildRules = (
			);
			dependencies = (
			);
			name = My_application;
			productName = My_application;
			productReference = D941266E2333FFA2003CC2DC /* My_application.app */;
			productType = "com.apple.product-type.application";
		};
/* End PBXNativeTarget section */

/* Begin PBXProject section */
		D94126662333FFA2003CC2DC /* Project object */ = {
			isa = PBXProject;
			attributes = {
				LastSwiftUpdateCheck = 1030;
				LastUpgradeCheck = 1030;
				ORGANIZATIONNAME = "Orum Games";
				TargetAttributes = {
					D941266D2333FFA2003CC2DC = {
						CreatedOnToolsVersion = 10.3;
						SystemCapabilities = {
							com.apple.Maps.iOS = {
								enabled = 0;
							};
						};
					};
				};
			};
			buildConfigurationList = D94126692333FFA2003CC2DC /* Build configuration list for PBXProject "My_application" */;
			compatibilityVersion = "Xcode 9.3";
			developmentRegion = en;
			hasScannedForEncodings = 0;
			knownRegions = (
				en,
				Base,
			);
			mainGroup = D94126652333FFA2003CC2DC;
			productRefGroup = D941266F2333FFA2003CC2DC /* Products */;
			projectDirPath = "";
			projectRoot = "";
			targets = (
				D941266D2333FFA2003CC2DC /* My_application */,
			);
		};
/* End PBXProject section */

/* Begin PBXResourcesBuildPhase section */
		D941266C2333FFA2003CC2DC /* Resources */ = {
			isa = PBXResourcesBuildPhase;
			buildActionMask = 2147483647;
			files = (
				D941267C2333FFA3003CC2DC /* LaunchScreen.storyboard in Resources */,
				D94126792333FFA3003CC2DC /* Assets.xcassets in Resources */,
				D94126772333FFA2003CC2DC /* Main.storyboard in Resources */,
			);
			runOnlyForDeploymentPostprocessing = 0;
		};
/* End PBXResourcesBuildPhase section */

/* Begin PBXSourcesBuildPhase section */
		D941266A2333FFA2003CC2DC /* Sources */ = {
			isa = PBXSourcesBuildPhase;
			buildActionMask = 2147483647;
			files = (
				D9B4C8C12335470E002E54B2 /* Teacher.swift in Sources */,
				D95245C6233D07AE00714AAD /* TeacherViewCell.swift in Sources */,
				D9B4C8C32335473D002E54B2 /* Subject.swift in Sources */,
				D9B59C98233BD6470025855A /* StudentViewCell.swift in Sources */,
				D9783675233E5D530012CAA9 /* UIView+Utils.swift in Sources */,
				D94126742333FFA2003CC2DC /* ViewController.swift in Sources */,
				D9206852233D2A4600537CDF /* SubjectsViewController.swift in Sources */,
				D9206850233D2A2900537CDF /* SubjectViewCell.swift in Sources */,
				D980B4792339153700D1B722 /* DefaultData.swift in Sources */,
				D95245C4233D068C00714AAD /* TeachersViewController.swift in Sources */,
				D9B4C8BF23353537002E54B2 /* Student.swift in Sources */,
				D97092F3233BB122009D865A /* StudentsViewController.swift in Sources */,
				D94126722333FFA2003CC2DC /* AppDelegate.swift in Sources */,
			);
			runOnlyForDeploymentPostprocessing = 0;
		};
/* End PBXSourcesBuildPhase section */

/* Begin PBXVariantGroup section */
		D94126752333FFA2003CC2DC /* Main.storyboard */ = {
			isa = PBXVariantGroup;
			children = (
				D94126762333FFA2003CC2DC /* Base */,
			);
			name = Main.storyboard;
			sourceTree = "<group>";
		};
		D941267A2333FFA3003CC2DC /* LaunchScreen.storyboard */ = {
			isa = PBXVariantGroup;
			children = (
				D941267B2333FFA3003CC2DC /* Base */,
			);
			name = LaunchScreen.storyboard;
			sourceTree = "<group>";
		};
/* End PBXVariantGroup section */

/* Begin XCBuildConfiguration section */
		D941267E2333FFA3003CC2DC /* Debug */ = {
			isa = XCBuildConfiguration;
			buildSettings = {
				ALWAYS_SEARCH_USER_PATHS = NO;
				CLANG_ANALYZER_NONNULL = YES;
				CLANG_ANALYZER_NUMBER_OBJECT_CONVERSION = YES_AGGRESSIVE;
				CLANG_CXX_LANGUAGE_STANDARD = "gnu++14";
				CLANG_CXX_LIBRARY = "libc++";
				CLANG_ENABLE_MODULES = YES;
				CLANG_ENABLE_OBJC_ARC = YES;
				CLANG_ENABLE_OBJC_WEAK = YES;
				CLANG_WARN_BLOCK_CAPTURE_AUTORELEASING = YES;
				CLANG_WARN_BOOL_CONVERSION = YES;
				CLANG_WARN_COMMA = YES;
				CLANG_WARN_CONSTANT_CONVERSION = YES;
				CLANG_WARN_DEPRECATED_OBJC_IMPLEMENTATIONS = YES;
				CLANG_WARN_DIRECT_OBJC_ISA_USAGE = YES_ERROR;
				CLANG_WARN_DOCUMENTATION_COMMENTS = YES;
				CLANG_WARN_EMPTY_BODY = YES;
				CLANG_WARN_ENUM_CONVERSION = YES;
				CLANG_WARN_INFINITE_RECURSION = YES;
				CLANG_WARN_INT_CONVERSION = YES;
				CLANG_WARN_NON_LITERAL_NULL_CONVERSION = YES;
				CLANG_WARN_OBJC_IMPLICIT_RETAIN_SELF = YES;
				CLANG_WARN_OBJC_LITERAL_CONVERSION = YES;
				CLANG_WARN_OBJC_ROOT_CLASS = YES_ERROR;
				CLANG_WARN_RANGE_LOOP_ANALYSIS = YES;
				CLANG_WARN_STRICT_PROTOTYPES = YES;
				CLANG_WARN_SUSPICIOUS_MOVE = YES;
				CLANG_WARN_UNGUARDED_AVAILABILITY = YES_AGGRESSIVE;
				CLANG_WARN_UNREACHABLE_CODE = YES;
				CLANG_WARN__DUPLICATE_METHOD_MATCH = YES;
				CODE_SIGN_IDENTITY = "iPhone Developer";
				COPY_PHASE_STRIP = NO;
				DEBUG_INFORMATION_FORMAT = dwarf;
				ENABLE_STRICT_OBJC_MSGSEND = YES;
				ENABLE_TESTABILITY = YES;
				GCC_C_LANGUAGE_STANDARD = gnu11;
				GCC_DYNAMIC_NO_PIC = NO;
				GCC_NO_COMMON_BLOCKS = YES;
				GCC_OPTIMIZATION_LEVEL = 0;
				GCC_PREPROCESSOR_DEFINITIONS = (
					"DEBUG=1",
					"$(inherited)",
				);
				GCC_WARN_64_TO_32_BIT_CONVERSION = YES;
				GCC_WARN_ABOUT_RETURN_TYPE = YES_ERROR;
				GCC_WARN_UNDECLARED_SELECTOR = YES;
				GCC_WARN_UNINITIALIZED_AUTOS = YES_AGGRESSIVE;
				GCC_WARN_UNUSED_FUNCTION = YES;
				GCC_WARN_UNUSED_VARIABLE = YES;
				IPHONEOS_DEPLOYMENT_TARGET = 12.4;
				MTL_ENABLE_DEBUG_INFO = INCLUDE_SOURCE;
				MTL_FAST_MATH = YES;
				ONLY_ACTIVE_ARCH = YES;
				SDKROOT = iphoneos;
				SWIFT_ACTIVE_COMPILATION_CONDITIONS = DEBUG;
				SWIFT_OPTIMIZATION_LEVEL = "-Onone";
				SWIFT_VERSION = 5.0;
			};
			name = Debug;
		};
		D941267F2333FFA3003CC2DC /* Release */ = {
			isa = XCBuildConfiguration;
			buildSettings = {
				ALWAYS_SEARCH_USER_PATHS = NO;
				CLANG_ANALYZER_NONNULL = YES;
				CLANG_ANALYZER_NUMBER_OBJECT_CONVERSION = YES_AGGRESSIVE;
				CLANG_CXX_LANGUAGE_STANDARD = "gnu++14";
				CLANG_CXX_LIBRARY = "libc++";
				CLANG_ENABLE_MODULES = YES;
				CLANG_ENABLE_OBJC_ARC = YES;
				CLANG_ENABLE_OBJC_WEAK = YES;
				CLANG_WARN_BLOCK_CAPTURE_AUTORELEASING = YES;
				CLANG_WARN_BOOL_CONVERSION = YES;
				CLANG_WARN_COMMA = YES;
				CLANG_WARN_CONSTANT_CONVERSION = YES;
				CLANG_WARN_DEPRECATED_OBJC_IMPLEMENTATIONS = YES;
				CLANG_WARN_DIRECT_OBJC_ISA_USAGE = YES_ERROR;
				CLANG_WARN_DOCUMENTATION_COMMENTS = YES;
				CLANG_WARN_EMPTY_BODY = YES;
				CLANG_WARN_ENUM_CONVERSION = YES;
				CLANG_WARN_INFINITE_RECURSION = YES;
				CLANG_WARN_INT_CONVERSION = YES;
				CLANG_WARN_NON_LITERAL_NULL_CONVERSION = YES;
				CLANG_WARN_OBJC_IMPLICIT_RETAIN_SELF = YES;
				CLANG_WARN_OBJC_LITERAL_CONVERSION = YES;
				CLANG_WARN_OBJC_ROOT_CLASS = YES_ERROR;
				CLANG_WARN_RANGE_LOOP_ANALYSIS = YES;
				CLANG_WARN_STRICT_PROTOTYPES = YES;
				CLANG_WARN_SUSPICIOUS_MOVE = YES;
				CLANG_WARN_UNGUARDED_AVAILABILITY = YES_AGGRESSIVE;
				CLANG_WARN_UNREACHABLE_CODE = YES;
				CLANG_WARN__DUPLICATE_METHOD_MATCH = YES;
				CODE_SIGN_IDENTITY = "iPhone Developer";
				COPY_PHASE_STRIP = NO;
				DEBUG_INFORMATION_FORMAT = "dwarf-with-dsym";
				ENABLE_NS_ASSERTIONS = NO;
				ENABLE_STRICT_OBJC_MSGSEND = YES;
				GCC_C_LANGUAGE_STANDARD = gnu11;
				GCC_NO_COMMON_BLOCKS = YES;
				GCC_WARN_64_TO_32_BIT_CONVERSION = YES;
				GCC_WARN_ABOUT_RETURN_TYPE = YES_ERROR;
				GCC_WARN_UNDECLARED_SELECTOR = YES;
				GCC_WARN_UNINITIALIZED_AUTOS = YES_AGGRESSIVE;
				GCC_WARN_UNUSED_FUNCTION = YES;
				GCC_WARN_UNUSED_VARIABLE = YES;
				IPHONEOS_DEPLOYMENT_TARGET = 12.4;
				MTL_ENABLE_DEBUG_INFO = NO;
				MTL_FAST_MATH = YES;
				SDKROOT = iphoneos;
				SWIFT_COMPILATION_MODE = wholemodule;
				SWIFT_OPTIMIZATION_LEVEL = "-O";
				SWIFT_VERSION = 5.0;
				VALIDATE_PRODUCT = YES;
			};
			name = Release;
		};
		D94126812333FFA3003CC2DC /* Debug */ = {
			isa = XCBuildConfiguration;
			buildSettings = {
				ASSETCATALOG_COMPILER_APPICON_NAME = AppIcon;
				CODE_SIGN_STYLE = Manual;
				DEVELOPMENT_TEAM = "";
				INFOPLIST_FILE = "$(SRCROOT)/My_application/App/Info.plist";
				LD_RUNPATH_SEARCH_PATHS = (
					"$(inherited)",
					"@executable_path/Frameworks",
				);
				PRODUCT_BUNDLE_IDENTIFIER = "com.OrumGames.My-application";
				PRODUCT_NAME = "$(TARGET_NAME)";
				PROVISIONING_PROFILE_SPECIFIER = "";
				SWIFT_VERSION = 5.0;
				TARGETED_DEVICE_FAMILY = 1;
			};
			name = Debug;
		};
		D94126822333FFA3003CC2DC /* Release */ = {
			isa = XCBuildConfiguration;
			buildSettings = {
				ASSETCATALOG_COMPILER_APPICON_NAME = AppIcon;
				CODE_SIGN_STYLE = Manual;
				DEVELOPMENT_TEAM = "";
				INFOPLIST_FILE = "$(SRCROOT)/My_application/App/Info.plist";
				LD_RUNPATH_SEARCH_PATHS = (
					"$(inherited)",
					"@executable_path/Frameworks",
				);
				PRODUCT_BUNDLE_IDENTIFIER = "com.OrumGames.My-application";
				PRODUCT_NAME = "$(TARGET_NAME)";
				PROVISIONING_PROFILE_SPECIFIER = "";
				SWIFT_VERSION = 5.0;
				TARGETED_DEVICE_FAMILY = 1;
			};
			name = Release;
		};
/* End XCBuildConfiguration section */

/* Begin XCConfigurationList section */
		D94126692333FFA2003CC2DC /* Build configuration list for PBXProject "My_application" */ = {
			isa = XCConfigurationList;
			buildConfigurations = (
				D941267E2333FFA3003CC2DC /* Debug */,
				D941267F2333FFA3003CC2DC /* Release */,
			);
			defaultConfigurationIsVisible = 0;
			defaultConfigurationName = Release;
		};
		D94126802333FFA3003CC2DC /* Build configuration list for PBXNativeTarget "My_application" */ = {
			isa = XCConfigurationList;
			buildConfigurations = (
				D94126812333FFA3003CC2DC /* Debug */,
				D94126822333FFA3003CC2DC /* Release */,
			);
			defaultConfigurationIsVisible = 0;
			defaultConfigurationName = Release;
		};
/* End XCConfigurationList section */
	};
	rootObject = D94126662333FFA2003CC2DC /* Project object */;
}
